
Microsoft Visual Studio Solution File, Format Version 12.00
# Visual Studio 15
VisualStudioVersion = 15.0.27703.2026
MinimumVisualStudioVersion = 10.0.40219.1
Project("{2150E333-8FDC-42A3-9474-1A3956D46DE8}") = "Cat01.Domain Logic Patterns", "Cat01.Domain Logic Patterns", "{77BC4942-3AD6-4DB3-B716-F3DE6681E63F}"
EndProject
Project("{2150E333-8FDC-42A3-9474-1A3956D46DE8}") = "Cat02.Data Source Architectural Patterns", "Cat02.Data Source Architectural Patterns", "{5DF61ACB-6DF3-4E5E-81D2-B261D7B15E7C}"
EndProject
Project("{2150E333-8FDC-42A3-9474-1A3956D46DE8}") = "Cat03.Object-Relational Behavioral Patterns", "Cat03.Object-Relational Behavioral Patterns", "{29EC3E71-7AA4-4437-BD3A-5B584D526AEA}"
EndProject
Project("{2150E333-8FDC-42A3-9474-1A3956D46DE8}") = "Cat04.Object-Relational Structural Patterns", "Cat04.Object-Relational Structural Patterns", "{26FC065E-CF3F-468C-B411-5E9F4E73866D}"
EndProject
Project("{2150E333-8FDC-42A3-9474-1A3956D46DE8}") = "Cat05.Object-Relational Metadata Mapping Patterns", "Cat05.Object-Relational Metadata Mapping Patterns", "{63AAED14-1C8D-484E-9CF8-A11636F93772}"
EndProject
Project("{2150E333-8FDC-42A3-9474-1A3956D46DE8}") = "Cat06.Web Presentation Patterns", "Cat06.Web Presentation Patterns", "{2681ECA7-D7E2-4CE1-A98A-06863FA98122}"
EndProject
Project("{2150E333-8FDC-42A3-9474-1A3956D46DE8}") = "Cat07.Distribution Patterns", "Cat07.Distribution Patterns", "{1A31A21E-40E6-42DF-8809-63D2F7467CBA}"
EndProject
Project("{2150E333-8FDC-42A3-9474-1A3956D46DE8}") = "Cat08.Offline Concurrency Patterns", "Cat08.Offline Concurrency Patterns", "{BA16599E-ED26-4DD5-8B17-2C2B4610D415}"
EndProject
Project("{2150E333-8FDC-42A3-9474-1A3956D46DE8}") = "Cat09.Session State Patterns", "Cat09.Session State Patterns", "{DC4C4636-6D21-4E7B-B42B-05371524B97B}"
EndProject
Project("{2150E333-8FDC-42A3-9474-1A3956D46DE8}") = "Cat10.Base Patterns", "Cat10.Base Patterns", "{3D592821-B9C1-4901-9637-D0C7A9C36862}"
EndProject
Project("{FAE04EC0-301F-11D3-BF4B-00C04F79EFBC}") = "Transaction Script", "P01.01.Transaction Script\Transaction Script.csproj", "{C72B8983-DDE0-4F56-9E56-7FF6DE5FC6BF}"
EndProject
Project("{FAE04EC0-301F-11D3-BF4B-00C04F79EFBC}") = "Domain Model", "P01.02.Domain Model\Domain Model.csproj", "{9627E65F-65E9-46DF-B380-580F56E92BFA}"
EndProject
Project("{FAE04EC0-301F-11D3-BF4B-00C04F79EFBC}") = "Table Module", "P01.03.Table Module\Table Module.csproj", "{7654D5BE-0CD5-4A63-9599-BC11D909DA28}"
EndProject
Project("{FAE04EC0-301F-11D3-BF4B-00C04F79EFBC}") = "Service Layer", "P01.04.Service Layer\Service Layer.csproj", "{7883B876-D0BC-463A-8122-B07569C2DA12}"
EndProject
Project("{FAE04EC0-301F-11D3-BF4B-00C04F79EFBC}") = "Table Data Gateway", "Table Data Gateway\Table Data Gateway.csproj", "{140408C9-3294-48EF-9F46-FA8CF4F7DD77}"
EndProject
Project("{FAE04EC0-301F-11D3-BF4B-00C04F79EFBC}") = "Row Data Gateway", "Row Data Gateway\Row Data Gateway.csproj", "{10FC11CA-B280-437D-B82B-A05021B55289}"
EndProject
Project("{FAE04EC0-301F-11D3-BF4B-00C04F79EFBC}") = "Active Record", "Active Record\Active Record.csproj", "{DCB3DDDA-BFE2-4870-A997-B9B2340DFA09}"
EndProject
Project("{FAE04EC0-301F-11D3-BF4B-00C04F79EFBC}") = "Data Mapper", "Data Mapper\Data Mapper.csproj", "{F167E64F-066E-46CB-9471-9EC3E0F44A4A}"
EndProject
Project("{FAE04EC0-301F-11D3-BF4B-00C04F79EFBC}") = "Unit of Work", "Unit of Work\Unit of Work.csproj", "{0634900B-E549-4663-9924-C29B9EDA0BC6}"
EndProject
Project("{FAE04EC0-301F-11D3-BF4B-00C04F79EFBC}") = "Identity Map", "Identity Map\Identity Map.csproj", "{70C7D7E7-8749-4AF1-B3BE-375EF13757E2}"
EndProject
Project("{FAE04EC0-301F-11D3-BF4B-00C04F79EFBC}") = "Lazy Load", "Lazy Load\Lazy Load.csproj", "{BF84C581-F25A-464E-AC8D-6DECB0EAA8F2}"
EndProject
Project("{FAE04EC0-301F-11D3-BF4B-00C04F79EFBC}") = "Identity Field", "Identity Field\Identity Field.csproj", "{7EE0AC30-CD2E-4E60-8504-62E758478FF3}"
EndProject
Project("{FAE04EC0-301F-11D3-BF4B-00C04F79EFBC}") = "Foreign Key Mapping", "Foreign Key Mapping\Foreign Key Mapping.csproj", "{8F7BD162-0C4D-4F82-A960-3015C4FDDCB9}"
EndProject
Project("{FAE04EC0-301F-11D3-BF4B-00C04F79EFBC}") = "Association Table Mapping", "Association Table Mapping\Association Table Mapping.csproj", "{1C03AC17-B71B-41AA-B5F6-5FB54D69995A}"
EndProject
Project("{FAE04EC0-301F-11D3-BF4B-00C04F79EFBC}") = "Dependent Mapping", "Dependent Mapping\Dependent Mapping.csproj", "{F6B3569B-0163-4186-A5F6-260C04CDE0FC}"
EndProject
Project("{FAE04EC0-301F-11D3-BF4B-00C04F79EFBC}") = "Embedded Value", "Embedded Value\Embedded Value.csproj", "{504C29A8-8779-4A6F-9417-29E2D25FC8EE}"
EndProject
Project("{FAE04EC0-301F-11D3-BF4B-00C04F79EFBC}") = "Serialized LOB", "Serialized LOB\Serialized LOB.csproj", "{6B94091C-7715-43B7-AB8A-033B95D9C018}"
EndProject
Project("{FAE04EC0-301F-11D3-BF4B-00C04F79EFBC}") = "Single Table Inheritance", "Single Table Inheritance\Single Table Inheritance.csproj", "{592BE0D8-6506-41CA-8A70-712EDBFDC6E2}"
EndProject
Project("{FAE04EC0-301F-11D3-BF4B-00C04F79EFBC}") = "Class Table Inheritance", "Class Table Inheritance\Class Table Inheritance.csproj", "{E4AF8BF8-AFED-4F99-8817-3B998808512F}"
EndProject
Project("{FAE04EC0-301F-11D3-BF4B-00C04F79EFBC}") = "Concrete Table Inheritance", "Concrete Table Inheritance\Concrete Table Inheritance.csproj", "{6A907135-6487-4DEF-B532-4A243F0A5036}"
EndProject
Project("{FAE04EC0-301F-11D3-BF4B-00C04F79EFBC}") = "Inheritance Mappers", "Inheritance Mappers\Inheritance Mappers.csproj", "{1E229635-318D-4A4A-A018-B86B3B9F4217}"
EndProject
Project("{FAE04EC0-301F-11D3-BF4B-00C04F79EFBC}") = "Metadata Mapping", "Metadata Mapping\Metadata Mapping.csproj", "{2A3DBE6C-0A4E-4963-B112-DDF62A15B2FE}"
EndProject
Project("{FAE04EC0-301F-11D3-BF4B-00C04F79EFBC}") = "Query Object", "Query Object\Query Object.csproj", "{8C5150E9-1FD9-45B0-A0BB-7CE2CC6B91F9}"
EndProject
Project("{FAE04EC0-301F-11D3-BF4B-00C04F79EFBC}") = "Repository", "Repository\Repository.csproj", "{9E5FF3B9-A27E-448F-BA6D-171224C76E0E}"
EndProject
Project("{FAE04EC0-301F-11D3-BF4B-00C04F79EFBC}") = "Model View Controller", "Model View Controller\Model View Controller.csproj", "{301D902E-4461-40F8-A093-FD7FC4E3F2A5}"
EndProject
Project("{FAE04EC0-301F-11D3-BF4B-00C04F79EFBC}") = "Page Controller", "Page Controller\Page Controller.csproj", "{49392D1E-3676-40A8-A7A1-74B569E4DDEF}"
EndProject
Project("{FAE04EC0-301F-11D3-BF4B-00C04F79EFBC}") = "Front Controller", "Front Controller\Front Controller.csproj", "{9635D8C3-7CC2-4A21-B010-7CBCCEB6AAD0}"
EndProject
Project("{FAE04EC0-301F-11D3-BF4B-00C04F79EFBC}") = "Template View", "Template View\Template View.csproj", "{A3416414-96E8-4B56-AE2F-63587178DDD7}"
EndProject
Project("{FAE04EC0-301F-11D3-BF4B-00C04F79EFBC}") = "Transform View", "Transform View\Transform View.csproj", "{25F3BFDB-B4C0-4175-9377-74E7CAF8F0C8}"
EndProject
Project("{FAE04EC0-301F-11D3-BF4B-00C04F79EFBC}") = "Two-Step View", "Two-Step View\Two-Step View.csproj", "{9BACCB45-134E-4BC9-9B8A-CC75E7A50996}"
EndProject
Project("{FAE04EC0-301F-11D3-BF4B-00C04F79EFBC}") = "Application Controller", "Application Controller\Application Controller.csproj", "{B70673DD-14EB-4DD8-8327-E46201C2244C}"
EndProject
Project("{FAE04EC0-301F-11D3-BF4B-00C04F79EFBC}") = "Remote Facade", "Remote Facade\Remote Facade.csproj", "{3F61183A-5462-4071-B839-4E2B53D3766C}"
EndProject
Project("{FAE04EC0-301F-11D3-BF4B-00C04F79EFBC}") = "Data Transfer Object", "Data Transfer Object\Data Transfer Object.csproj", "{E959BB00-5138-4A3F-91EB-0F93A02B2AB5}"
EndProject
Project("{FAE04EC0-301F-11D3-BF4B-00C04F79EFBC}") = "Optimistic Offline Lock", "Optimistic Offline Lock\Optimistic Offline Lock.csproj", "{C10C8EB3-72AF-4088-AA6B-FBACE41C78A3}"
EndProject
Project("{FAE04EC0-301F-11D3-BF4B-00C04F79EFBC}") = "Pessimistic Offline Lock", "Pessimistic Offline Lock\Pessimistic Offline Lock.csproj", "{00CFD69E-598B-49FB-AB84-20C2B428E4DF}"
EndProject
Project("{FAE04EC0-301F-11D3-BF4B-00C04F79EFBC}") = "Coarse Grained Lock", "Coarse Grained Lock\Coarse Grained Lock.csproj", "{1D5D6600-BF22-4C0F-8571-464D31B5A6A1}"
EndProject
Project("{FAE04EC0-301F-11D3-BF4B-00C04F79EFBC}") = "Implicit Lock", "Implicit Lock\Implicit Lock.csproj", "{B24B566F-CA17-4604-9672-0A5D90E33641}"
EndProject
Project("{FAE04EC0-301F-11D3-BF4B-00C04F79EFBC}") = "Client Session State", "Client Session State\Client Session State.csproj", "{81CC4FA6-0FAD-48A9-AE29-55619DF14E16}"
EndProject
Project("{FAE04EC0-301F-11D3-BF4B-00C04F79EFBC}") = "Server Session State", "Server Session State\Server Session State.csproj", "{0D5497E0-A254-4755-B28F-02F54DF57681}"
EndProject
Project("{FAE04EC0-301F-11D3-BF4B-00C04F79EFBC}") = "Database Session State", "Database Session State\Database Session State.csproj", "{E0E28CFC-E0AF-40FB-B2F7-8EF356EC517F}"
EndProject
Project("{FAE04EC0-301F-11D3-BF4B-00C04F79EFBC}") = "Gateway", "Gateway\Gateway.csproj", "{129E3B45-EC0B-4DE5-9D18-0F23210DC924}"
EndProject
Project("{FAE04EC0-301F-11D3-BF4B-00C04F79EFBC}") = "Mapper", "Mapper\Mapper.csproj", "{240BE93B-E260-4837-A953-3DC059243ED1}"
EndProject
Project("{FAE04EC0-301F-11D3-BF4B-00C04F79EFBC}") = "Layer Supertype", "Layer Supertype\Layer Supertype.csproj", "{1FAC63ED-FA13-4B45-B7C9-D1578A707356}"
EndProject
Project("{FAE04EC0-301F-11D3-BF4B-00C04F79EFBC}") = "Separated Interface", "Separated Interface\Separated Interface.csproj", "{6B7D6CF8-62BC-453B-B573-D0680666DBD3}"
EndProject
Project("{FAE04EC0-301F-11D3-BF4B-00C04F79EFBC}") = "Registry", "Registry\Registry.csproj", "{FC8587B3-71E2-4311-ABCE-D41A35663E99}"
EndProject
Project("{FAE04EC0-301F-11D3-BF4B-00C04F79EFBC}") = "Value Object", "Value Object\Value Object.csproj", "{8D0EDCDF-FC54-41C2-B785-1C22196246A8}"
EndProject
Project("{FAE04EC0-301F-11D3-BF4B-00C04F79EFBC}") = "Money", "Money\Money.csproj", "{55F72AB8-8922-41E3-AA9E-F6E60A7ED35C}"
EndProject
Project("{FAE04EC0-301F-11D3-BF4B-00C04F79EFBC}") = "Special Case", "Special Case\Special Case.csproj", "{61A37CFB-69F9-4458-A431-252440E4A1E4}"
EndProject
Project("{FAE04EC0-301F-11D3-BF4B-00C04F79EFBC}") = "Plugin", "Plugin\Plugin.csproj", "{C11AFA5E-FB3D-4D6F-9BD0-1EA6905B8DCD}"
EndProject
Project("{FAE04EC0-301F-11D3-BF4B-00C04F79EFBC}") = "Service Stub", "Service Stub\Service Stub.csproj", "{BE68C857-DF8D-4417-9159-1E30613CBB41}"
EndProject
Project("{FAE04EC0-301F-11D3-BF4B-00C04F79EFBC}") = "Record Set", "Record Set\Record Set.csproj", "{B3BAF203-E038-432F-A4CB-CBCF3E8D11BC}"
EndProject
Global
	GlobalSection(SolutionConfigurationPlatforms) = preSolution
		Debug|Any CPU = Debug|Any CPU
		Release|Any CPU = Release|Any CPU
	EndGlobalSection
	GlobalSection(ProjectConfigurationPlatforms) = postSolution
		{C72B8983-DDE0-4F56-9E56-7FF6DE5FC6BF}.Debug|Any CPU.ActiveCfg = Debug|Any CPU
		{C72B8983-DDE0-4F56-9E56-7FF6DE5FC6BF}.Debug|Any CPU.Build.0 = Debug|Any CPU
		{C72B8983-DDE0-4F56-9E56-7FF6DE5FC6BF}.Release|Any CPU.ActiveCfg = Release|Any CPU
		{C72B8983-DDE0-4F56-9E56-7FF6DE5FC6BF}.Release|Any CPU.Build.0 = Release|Any CPU
		{9627E65F-65E9-46DF-B380-580F56E92BFA}.Debug|Any CPU.ActiveCfg = Debug|Any CPU
		{9627E65F-65E9-46DF-B380-580F56E92BFA}.Debug|Any CPU.Build.0 = Debug|Any CPU
		{9627E65F-65E9-46DF-B380-580F56E92BFA}.Release|Any CPU.ActiveCfg = Release|Any CPU
		{9627E65F-65E9-46DF-B380-580F56E92BFA}.Release|Any CPU.Build.0 = Release|Any CPU
		{7654D5BE-0CD5-4A63-9599-BC11D909DA28}.Debug|Any CPU.ActiveCfg = Debug|Any CPU
		{7654D5BE-0CD5-4A63-9599-BC11D909DA28}.Debug|Any CPU.Build.0 = Debug|Any CPU
		{7654D5BE-0CD5-4A63-9599-BC11D909DA28}.Release|Any CPU.ActiveCfg = Release|Any CPU
		{7654D5BE-0CD5-4A63-9599-BC11D909DA28}.Release|Any CPU.Build.0 = Release|Any CPU
		{7883B876-D0BC-463A-8122-B07569C2DA12}.Debug|Any CPU.ActiveCfg = Debug|Any CPU
		{7883B876-D0BC-463A-8122-B07569C2DA12}.Debug|Any CPU.Build.0 = Debug|Any CPU
		{7883B876-D0BC-463A-8122-B07569C2DA12}.Release|Any CPU.ActiveCfg = Release|Any CPU
		{7883B876-D0BC-463A-8122-B07569C2DA12}.Release|Any CPU.Build.0 = Release|Any CPU
		{140408C9-3294-48EF-9F46-FA8CF4F7DD77}.Debug|Any CPU.ActiveCfg = Debug|Any CPU
		{140408C9-3294-48EF-9F46-FA8CF4F7DD77}.Debug|Any CPU.Build.0 = Debug|Any CPU
		{140408C9-3294-48EF-9F46-FA8CF4F7DD77}.Release|Any CPU.ActiveCfg = Release|Any CPU
		{140408C9-3294-48EF-9F46-FA8CF4F7DD77}.Release|Any CPU.Build.0 = Release|Any CPU
		{10FC11CA-B280-437D-B82B-A05021B55289}.Debug|Any CPU.ActiveCfg = Debug|Any CPU
		{10FC11CA-B280-437D-B82B-A05021B55289}.Debug|Any CPU.Build.0 = Debug|Any CPU
		{10FC11CA-B280-437D-B82B-A05021B55289}.Release|Any CPU.ActiveCfg = Release|Any CPU
		{10FC11CA-B280-437D-B82B-A05021B55289}.Release|Any CPU.Build.0 = Release|Any CPU
		{DCB3DDDA-BFE2-4870-A997-B9B2340DFA09}.Debug|Any CPU.ActiveCfg = Debug|Any CPU
		{DCB3DDDA-BFE2-4870-A997-B9B2340DFA09}.Debug|Any CPU.Build.0 = Debug|Any CPU
		{DCB3DDDA-BFE2-4870-A997-B9B2340DFA09}.Release|Any CPU.ActiveCfg = Release|Any CPU
		{DCB3DDDA-BFE2-4870-A997-B9B2340DFA09}.Release|Any CPU.Build.0 = Release|Any CPU
		{F167E64F-066E-46CB-9471-9EC3E0F44A4A}.Debug|Any CPU.ActiveCfg = Debug|Any CPU
		{F167E64F-066E-46CB-9471-9EC3E0F44A4A}.Debug|Any CPU.Build.0 = Debug|Any CPU
		{F167E64F-066E-46CB-9471-9EC3E0F44A4A}.Release|Any CPU.ActiveCfg = Release|Any CPU
		{F167E64F-066E-46CB-9471-9EC3E0F44A4A}.Release|Any CPU.Build.0 = Release|Any CPU
		{0634900B-E549-4663-9924-C29B9EDA0BC6}.Debug|Any CPU.ActiveCfg = Debug|Any CPU
		{0634900B-E549-4663-9924-C29B9EDA0BC6}.Debug|Any CPU.Build.0 = Debug|Any CPU
		{0634900B-E549-4663-9924-C29B9EDA0BC6}.Release|Any CPU.ActiveCfg = Release|Any CPU
		{0634900B-E549-4663-9924-C29B9EDA0BC6}.Release|Any CPU.Build.0 = Release|Any CPU
		{70C7D7E7-8749-4AF1-B3BE-375EF13757E2}.Debug|Any CPU.ActiveCfg = Debug|Any CPU
		{70C7D7E7-8749-4AF1-B3BE-375EF13757E2}.Debug|Any CPU.Build.0 = Debug|Any CPU
		{70C7D7E7-8749-4AF1-B3BE-375EF13757E2}.Release|Any CPU.ActiveCfg = Release|Any CPU
		{70C7D7E7-8749-4AF1-B3BE-375EF13757E2}.Release|Any CPU.Build.0 = Release|Any CPU
		{BF84C581-F25A-464E-AC8D-6DECB0EAA8F2}.Debug|Any CPU.ActiveCfg = Debug|Any CPU
		{BF84C581-F25A-464E-AC8D-6DECB0EAA8F2}.Debug|Any CPU.Build.0 = Debug|Any CPU
		{BF84C581-F25A-464E-AC8D-6DECB0EAA8F2}.Release|Any CPU.ActiveCfg = Release|Any CPU
		{BF84C581-F25A-464E-AC8D-6DECB0EAA8F2}.Release|Any CPU.Build.0 = Release|Any CPU
		{7EE0AC30-CD2E-4E60-8504-62E758478FF3}.Debug|Any CPU.ActiveCfg = Debug|Any CPU
		{7EE0AC30-CD2E-4E60-8504-62E758478FF3}.Debug|Any CPU.Build.0 = Debug|Any CPU
		{7EE0AC30-CD2E-4E60-8504-62E758478FF3}.Release|Any CPU.ActiveCfg = Release|Any CPU
		{7EE0AC30-CD2E-4E60-8504-62E758478FF3}.Release|Any CPU.Build.0 = Release|Any CPU
		{8F7BD162-0C4D-4F82-A960-3015C4FDDCB9}.Debug|Any CPU.ActiveCfg = Debug|Any CPU
		{8F7BD162-0C4D-4F82-A960-3015C4FDDCB9}.Debug|Any CPU.Build.0 = Debug|Any CPU
		{8F7BD162-0C4D-4F82-A960-3015C4FDDCB9}.Release|Any CPU.ActiveCfg = Release|Any CPU
		{8F7BD162-0C4D-4F82-A960-3015C4FDDCB9}.Release|Any CPU.Build.0 = Release|Any CPU
		{1C03AC17-B71B-41AA-B5F6-5FB54D69995A}.Debug|Any CPU.ActiveCfg = Debug|Any CPU
		{1C03AC17-B71B-41AA-B5F6-5FB54D69995A}.Debug|Any CPU.Build.0 = Debug|Any CPU
		{1C03AC17-B71B-41AA-B5F6-5FB54D69995A}.Release|Any CPU.ActiveCfg = Release|Any CPU
		{1C03AC17-B71B-41AA-B5F6-5FB54D69995A}.Release|Any CPU.Build.0 = Release|Any CPU
		{F6B3569B-0163-4186-A5F6-260C04CDE0FC}.Debug|Any CPU.ActiveCfg = Debug|Any CPU
		{F6B3569B-0163-4186-A5F6-260C04CDE0FC}.Debug|Any CPU.Build.0 = Debug|Any CPU
		{F6B3569B-0163-4186-A5F6-260C04CDE0FC}.Release|Any CPU.ActiveCfg = Release|Any CPU
		{F6B3569B-0163-4186-A5F6-260C04CDE0FC}.Release|Any CPU.Build.0 = Release|Any CPU
		{504C29A8-8779-4A6F-9417-29E2D25FC8EE}.Debug|Any CPU.ActiveCfg = Debug|Any CPU
		{504C29A8-8779-4A6F-9417-29E2D25FC8EE}.Debug|Any CPU.Build.0 = Debug|Any CPU
		{504C29A8-8779-4A6F-9417-29E2D25FC8EE}.Release|Any CPU.ActiveCfg = Release|Any CPU
		{504C29A8-8779-4A6F-9417-29E2D25FC8EE}.Release|Any CPU.Build.0 = Release|Any CPU
		{6B94091C-7715-43B7-AB8A-033B95D9C018}.Debug|Any CPU.ActiveCfg = Debug|Any CPU
		{6B94091C-7715-43B7-AB8A-033B95D9C018}.Debug|Any CPU.Build.0 = Debug|Any CPU
		{6B94091C-7715-43B7-AB8A-033B95D9C018}.Release|Any CPU.ActiveCfg = Release|Any CPU
		{6B94091C-7715-43B7-AB8A-033B95D9C018}.Release|Any CPU.Build.0 = Release|Any CPU
		{592BE0D8-6506-41CA-8A70-712EDBFDC6E2}.Debug|Any CPU.ActiveCfg = Debug|Any CPU
		{592BE0D8-6506-41CA-8A70-712EDBFDC6E2}.Debug|Any CPU.Build.0 = Debug|Any CPU
		{592BE0D8-6506-41CA-8A70-712EDBFDC6E2}.Release|Any CPU.ActiveCfg = Release|Any CPU
		{592BE0D8-6506-41CA-8A70-712EDBFDC6E2}.Release|Any CPU.Build.0 = Release|Any CPU
		{E4AF8BF8-AFED-4F99-8817-3B998808512F}.Debug|Any CPU.ActiveCfg = Debug|Any CPU
		{E4AF8BF8-AFED-4F99-8817-3B998808512F}.Debug|Any CPU.Build.0 = Debug|Any CPU
		{E4AF8BF8-AFED-4F99-8817-3B998808512F}.Release|Any CPU.ActiveCfg = Release|Any CPU
		{E4AF8BF8-AFED-4F99-8817-3B998808512F}.Release|Any CPU.Build.0 = Release|Any CPU
		{6A907135-6487-4DEF-B532-4A243F0A5036}.Debug|Any CPU.ActiveCfg = Debug|Any CPU
		{6A907135-6487-4DEF-B532-4A243F0A5036}.Debug|Any CPU.Build.0 = Debug|Any CPU
		{6A907135-6487-4DEF-B532-4A243F0A5036}.Release|Any CPU.ActiveCfg = Release|Any CPU
		{6A907135-6487-4DEF-B532-4A243F0A5036}.Release|Any CPU.Build.0 = Release|Any CPU
		{1E229635-318D-4A4A-A018-B86B3B9F4217}.Debug|Any CPU.ActiveCfg = Debug|Any CPU
		{1E229635-318D-4A4A-A018-B86B3B9F4217}.Debug|Any CPU.Build.0 = Debug|Any CPU
		{1E229635-318D-4A4A-A018-B86B3B9F4217}.Release|Any CPU.ActiveCfg = Release|Any CPU
		{1E229635-318D-4A4A-A018-B86B3B9F4217}.Release|Any CPU.Build.0 = Release|Any CPU
		{2A3DBE6C-0A4E-4963-B112-DDF62A15B2FE}.Debug|Any CPU.ActiveCfg = Debug|Any CPU
		{2A3DBE6C-0A4E-4963-B112-DDF62A15B2FE}.Debug|Any CPU.Build.0 = Debug|Any CPU
		{2A3DBE6C-0A4E-4963-B112-DDF62A15B2FE}.Release|Any CPU.ActiveCfg = Release|Any CPU
		{2A3DBE6C-0A4E-4963-B112-DDF62A15B2FE}.Release|Any CPU.Build.0 = Release|Any CPU
		{8C5150E9-1FD9-45B0-A0BB-7CE2CC6B91F9}.Debug|Any CPU.ActiveCfg = Debug|Any CPU
		{8C5150E9-1FD9-45B0-A0BB-7CE2CC6B91F9}.Debug|Any CPU.Build.0 = Debug|Any CPU
		{8C5150E9-1FD9-45B0-A0BB-7CE2CC6B91F9}.Release|Any CPU.ActiveCfg = Release|Any CPU
		{8C5150E9-1FD9-45B0-A0BB-7CE2CC6B91F9}.Release|Any CPU.Build.0 = Release|Any CPU
		{9E5FF3B9-A27E-448F-BA6D-171224C76E0E}.Debug|Any CPU.ActiveCfg = Debug|Any CPU
		{9E5FF3B9-A27E-448F-BA6D-171224C76E0E}.Debug|Any CPU.Build.0 = Debug|Any CPU
		{9E5FF3B9-A27E-448F-BA6D-171224C76E0E}.Release|Any CPU.ActiveCfg = Release|Any CPU
		{9E5FF3B9-A27E-448F-BA6D-171224C76E0E}.Release|Any CPU.Build.0 = Release|Any CPU
		{301D902E-4461-40F8-A093-FD7FC4E3F2A5}.Debug|Any CPU.ActiveCfg = Debug|Any CPU
		{301D902E-4461-40F8-A093-FD7FC4E3F2A5}.Debug|Any CPU.Build.0 = Debug|Any CPU
		{301D902E-4461-40F8-A093-FD7FC4E3F2A5}.Release|Any CPU.ActiveCfg = Release|Any CPU
		{301D902E-4461-40F8-A093-FD7FC4E3F2A5}.Release|Any CPU.Build.0 = Release|Any CPU
		{49392D1E-3676-40A8-A7A1-74B569E4DDEF}.Debug|Any CPU.ActiveCfg = Debug|Any CPU
		{49392D1E-3676-40A8-A7A1-74B569E4DDEF}.Debug|Any CPU.Build.0 = Debug|Any CPU
		{49392D1E-3676-40A8-A7A1-74B569E4DDEF}.Release|Any CPU.ActiveCfg = Release|Any CPU
		{49392D1E-3676-40A8-A7A1-74B569E4DDEF}.Release|Any CPU.Build.0 = Release|Any CPU
		{9635D8C3-7CC2-4A21-B010-7CBCCEB6AAD0}.Debug|Any CPU.ActiveCfg = Debug|Any CPU
		{9635D8C3-7CC2-4A21-B010-7CBCCEB6AAD0}.Debug|Any CPU.Build.0 = Debug|Any CPU
		{9635D8C3-7CC2-4A21-B010-7CBCCEB6AAD0}.Release|Any CPU.ActiveCfg = Release|Any CPU
		{9635D8C3-7CC2-4A21-B010-7CBCCEB6AAD0}.Release|Any CPU.Build.0 = Release|Any CPU
		{A3416414-96E8-4B56-AE2F-63587178DDD7}.Debug|Any CPU.ActiveCfg = Debug|Any CPU
		{A3416414-96E8-4B56-AE2F-63587178DDD7}.Debug|Any CPU.Build.0 = Debug|Any CPU
		{A3416414-96E8-4B56-AE2F-63587178DDD7}.Release|Any CPU.ActiveCfg = Release|Any CPU
		{A3416414-96E8-4B56-AE2F-63587178DDD7}.Release|Any CPU.Build.0 = Release|Any CPU
		{25F3BFDB-B4C0-4175-9377-74E7CAF8F0C8}.Debug|Any CPU.ActiveCfg = Debug|Any CPU
		{25F3BFDB-B4C0-4175-9377-74E7CAF8F0C8}.Debug|Any CPU.Build.0 = Debug|Any CPU
		{25F3BFDB-B4C0-4175-9377-74E7CAF8F0C8}.Release|Any CPU.ActiveCfg = Release|Any CPU
		{25F3BFDB-B4C0-4175-9377-74E7CAF8F0C8}.Release|Any CPU.Build.0 = Release|Any CPU
		{9BACCB45-134E-4BC9-9B8A-CC75E7A50996}.Debug|Any CPU.ActiveCfg = Debug|Any CPU
		{9BACCB45-134E-4BC9-9B8A-CC75E7A50996}.Debug|Any CPU.Build.0 = Debug|Any CPU
		{9BACCB45-134E-4BC9-9B8A-CC75E7A50996}.Release|Any CPU.ActiveCfg = Release|Any CPU
		{9BACCB45-134E-4BC9-9B8A-CC75E7A50996}.Release|Any CPU.Build.0 = Release|Any CPU
		{B70673DD-14EB-4DD8-8327-E46201C2244C}.Debug|Any CPU.ActiveCfg = Debug|Any CPU
		{B70673DD-14EB-4DD8-8327-E46201C2244C}.Debug|Any CPU.Build.0 = Debug|Any CPU
		{B70673DD-14EB-4DD8-8327-E46201C2244C}.Release|Any CPU.ActiveCfg = Release|Any CPU
		{B70673DD-14EB-4DD8-8327-E46201C2244C}.Release|Any CPU.Build.0 = Release|Any CPU
		{3F61183A-5462-4071-B839-4E2B53D3766C}.Debug|Any CPU.ActiveCfg = Debug|Any CPU
		{3F61183A-5462-4071-B839-4E2B53D3766C}.Debug|Any CPU.Build.0 = Debug|Any CPU
		{3F61183A-5462-4071-B839-4E2B53D3766C}.Release|Any CPU.ActiveCfg = Release|Any CPU
		{3F61183A-5462-4071-B839-4E2B53D3766C}.Release|Any CPU.Build.0 = Release|Any CPU
		{E959BB00-5138-4A3F-91EB-0F93A02B2AB5}.Debug|Any CPU.ActiveCfg = Debug|Any CPU
		{E959BB00-5138-4A3F-91EB-0F93A02B2AB5}.Debug|Any CPU.Build.0 = Debug|Any CPU
		{E959BB00-5138-4A3F-91EB-0F93A02B2AB5}.Release|Any CPU.ActiveCfg = Release|Any CPU
		{E959BB00-5138-4A3F-91EB-0F93A02B2AB5}.Release|Any CPU.Build.0 = Release|Any CPU
		{C10C8EB3-72AF-4088-AA6B-FBACE41C78A3}.Debug|Any CPU.ActiveCfg = Debug|Any CPU
		{C10C8EB3-72AF-4088-AA6B-FBACE41C78A3}.Debug|Any CPU.Build.0 = Debug|Any CPU
		{C10C8EB3-72AF-4088-AA6B-FBACE41C78A3}.Release|Any CPU.ActiveCfg = Release|Any CPU
		{C10C8EB3-72AF-4088-AA6B-FBACE41C78A3}.Release|Any CPU.Build.0 = Release|Any CPU
		{00CFD69E-598B-49FB-AB84-20C2B428E4DF}.Debug|Any CPU.ActiveCfg = Debug|Any CPU
		{00CFD69E-598B-49FB-AB84-20C2B428E4DF}.Debug|Any CPU.Build.0 = Debug|Any CPU
		{00CFD69E-598B-49FB-AB84-20C2B428E4DF}.Release|Any CPU.ActiveCfg = Release|Any CPU
		{00CFD69E-598B-49FB-AB84-20C2B428E4DF}.Release|Any CPU.Build.0 = Release|Any CPU
		{1D5D6600-BF22-4C0F-8571-464D31B5A6A1}.Debug|Any CPU.ActiveCfg = Debug|Any CPU
		{1D5D6600-BF22-4C0F-8571-464D31B5A6A1}.Debug|Any CPU.Build.0 = Debug|Any CPU
		{1D5D6600-BF22-4C0F-8571-464D31B5A6A1}.Release|Any CPU.ActiveCfg = Release|Any CPU
		{1D5D6600-BF22-4C0F-8571-464D31B5A6A1}.Release|Any CPU.Build.0 = Release|Any CPU
		{B24B566F-CA17-4604-9672-0A5D90E33641}.Debug|Any CPU.ActiveCfg = Debug|Any CPU
		{B24B566F-CA17-4604-9672-0A5D90E33641}.Debug|Any CPU.Build.0 = Debug|Any CPU
		{B24B566F-CA17-4604-9672-0A5D90E33641}.Release|Any CPU.ActiveCfg = Release|Any CPU
		{B24B566F-CA17-4604-9672-0A5D90E33641}.Release|Any CPU.Build.0 = Release|Any CPU
		{81CC4FA6-0FAD-48A9-AE29-55619DF14E16}.Debug|Any CPU.ActiveCfg = Debug|Any CPU
		{81CC4FA6-0FAD-48A9-AE29-55619DF14E16}.Debug|Any CPU.Build.0 = Debug|Any CPU
		{81CC4FA6-0FAD-48A9-AE29-55619DF14E16}.Release|Any CPU.ActiveCfg = Release|Any CPU
		{81CC4FA6-0FAD-48A9-AE29-55619DF14E16}.Release|Any CPU.Build.0 = Release|Any CPU
		{0D5497E0-A254-4755-B28F-02F54DF57681}.Debug|Any CPU.ActiveCfg = Debug|Any CPU
		{0D5497E0-A254-4755-B28F-02F54DF57681}.Debug|Any CPU.Build.0 = Debug|Any CPU
		{0D5497E0-A254-4755-B28F-02F54DF57681}.Release|Any CPU.ActiveCfg = Release|Any CPU
		{0D5497E0-A254-4755-B28F-02F54DF57681}.Release|Any CPU.Build.0 = Release|Any CPU
		{E0E28CFC-E0AF-40FB-B2F7-8EF356EC517F}.Debug|Any CPU.ActiveCfg = Debug|Any CPU
		{E0E28CFC-E0AF-40FB-B2F7-8EF356EC517F}.Debug|Any CPU.Build.0 = Debug|Any CPU
		{E0E28CFC-E0AF-40FB-B2F7-8EF356EC517F}.Release|Any CPU.ActiveCfg = Release|Any CPU
		{E0E28CFC-E0AF-40FB-B2F7-8EF356EC517F}.Release|Any CPU.Build.0 = Release|Any CPU
		{129E3B45-EC0B-4DE5-9D18-0F23210DC924}.Debug|Any CPU.ActiveCfg = Debug|Any CPU
		{129E3B45-EC0B-4DE5-9D18-0F23210DC924}.Debug|Any CPU.Build.0 = Debug|Any CPU
		{129E3B45-EC0B-4DE5-9D18-0F23210DC924}.Release|Any CPU.ActiveCfg = Release|Any CPU
		{129E3B45-EC0B-4DE5-9D18-0F23210DC924}.Release|Any CPU.Build.0 = Release|Any CPU
		{240BE93B-E260-4837-A953-3DC059243ED1}.Debug|Any CPU.ActiveCfg = Debug|Any CPU
		{240BE93B-E260-4837-A953-3DC059243ED1}.Debug|Any CPU.Build.0 = Debug|Any CPU
		{240BE93B-E260-4837-A953-3DC059243ED1}.Release|Any CPU.ActiveCfg = Release|Any CPU
		{240BE93B-E260-4837-A953-3DC059243ED1}.Release|Any CPU.Build.0 = Release|Any CPU
		{1FAC63ED-FA13-4B45-B7C9-D1578A707356}.Debug|Any CPU.ActiveCfg = Debug|Any CPU
		{1FAC63ED-FA13-4B45-B7C9-D1578A707356}.Debug|Any CPU.Build.0 = Debug|Any CPU
		{1FAC63ED-FA13-4B45-B7C9-D1578A707356}.Release|Any CPU.ActiveCfg = Release|Any CPU
		{1FAC63ED-FA13-4B45-B7C9-D1578A707356}.Release|Any CPU.Build.0 = Release|Any CPU
		{6B7D6CF8-62BC-453B-B573-D0680666DBD3}.Debug|Any CPU.ActiveCfg = Debug|Any CPU
		{6B7D6CF8-62BC-453B-B573-D0680666DBD3}.Debug|Any CPU.Build.0 = Debug|Any CPU
		{6B7D6CF8-62BC-453B-B573-D0680666DBD3}.Release|Any CPU.ActiveCfg = Release|Any CPU
		{6B7D6CF8-62BC-453B-B573-D0680666DBD3}.Release|Any CPU.Build.0 = Release|Any CPU
		{FC8587B3-71E2-4311-ABCE-D41A35663E99}.Debug|Any CPU.ActiveCfg = Debug|Any CPU
		{FC8587B3-71E2-4311-ABCE-D41A35663E99}.Debug|Any CPU.Build.0 = Debug|Any CPU
		{FC8587B3-71E2-4311-ABCE-D41A35663E99}.Release|Any CPU.ActiveCfg = Release|Any CPU
		{FC8587B3-71E2-4311-ABCE-D41A35663E99}.Release|Any CPU.Build.0 = Release|Any CPU
		{8D0EDCDF-FC54-41C2-B785-1C22196246A8}.Debug|Any CPU.ActiveCfg = Debug|Any CPU
		{8D0EDCDF-FC54-41C2-B785-1C22196246A8}.Debug|Any CPU.Build.0 = Debug|Any CPU
		{8D0EDCDF-FC54-41C2-B785-1C22196246A8}.Release|Any CPU.ActiveCfg = Release|Any CPU
		{8D0EDCDF-FC54-41C2-B785-1C22196246A8}.Release|Any CPU.Build.0 = Release|Any CPU
		{55F72AB8-8922-41E3-AA9E-F6E60A7ED35C}.Debug|Any CPU.ActiveCfg = Debug|Any CPU
		{55F72AB8-8922-41E3-AA9E-F6E60A7ED35C}.Debug|Any CPU.Build.0 = Debug|Any CPU
		{55F72AB8-8922-41E3-AA9E-F6E60A7ED35C}.Release|Any CPU.ActiveCfg = Release|Any CPU
		{55F72AB8-8922-41E3-AA9E-F6E60A7ED35C}.Release|Any CPU.Build.0 = Release|Any CPU
		{61A37CFB-69F9-4458-A431-252440E4A1E4}.Debug|Any CPU.ActiveCfg = Debug|Any CPU
		{61A37CFB-69F9-4458-A431-252440E4A1E4}.Debug|Any CPU.Build.0 = Debug|Any CPU
		{61A37CFB-69F9-4458-A431-252440E4A1E4}.Release|Any CPU.ActiveCfg = Release|Any CPU
		{61A37CFB-69F9-4458-A431-252440E4A1E4}.Release|Any CPU.Build.0 = Release|Any CPU
		{C11AFA5E-FB3D-4D6F-9BD0-1EA6905B8DCD}.Debug|Any CPU.ActiveCfg = Debug|Any CPU
		{C11AFA5E-FB3D-4D6F-9BD0-1EA6905B8DCD}.Debug|Any CPU.Build.0 = Debug|Any CPU
		{C11AFA5E-FB3D-4D6F-9BD0-1EA6905B8DCD}.Release|Any CPU.ActiveCfg = Release|Any CPU
		{C11AFA5E-FB3D-4D6F-9BD0-1EA6905B8DCD}.Release|Any CPU.Build.0 = Release|Any CPU
		{BE68C857-DF8D-4417-9159-1E30613CBB41}.Debug|Any CPU.ActiveCfg = Debug|Any CPU
		{BE68C857-DF8D-4417-9159-1E30613CBB41}.Debug|Any CPU.Build.0 = Debug|Any CPU
		{BE68C857-DF8D-4417-9159-1E30613CBB41}.Release|Any CPU.ActiveCfg = Release|Any CPU
		{BE68C857-DF8D-4417-9159-1E30613CBB41}.Release|Any CPU.Build.0 = Release|Any CPU
		{B3BAF203-E038-432F-A4CB-CBCF3E8D11BC}.Debug|Any CPU.ActiveCfg = Debug|Any CPU
		{B3BAF203-E038-432F-A4CB-CBCF3E8D11BC}.Debug|Any CPU.Build.0 = Debug|Any CPU
		{B3BAF203-E038-432F-A4CB-CBCF3E8D11BC}.Release|Any CPU.ActiveCfg = Release|Any CPU
		{B3BAF203-E038-432F-A4CB-CBCF3E8D11BC}.Release|Any CPU.Build.0 = Release|Any CPU
	EndGlobalSection
	GlobalSection(SolutionProperties) = preSolution
		HideSolutionNode = FALSE
	EndGlobalSection
	GlobalSection(NestedProjects) = preSolution
		{C72B8983-DDE0-4F56-9E56-7FF6DE5FC6BF} = {77BC4942-3AD6-4DB3-B716-F3DE6681E63F}
		{9627E65F-65E9-46DF-B380-580F56E92BFA} = {77BC4942-3AD6-4DB3-B716-F3DE6681E63F}
		{7654D5BE-0CD5-4A63-9599-BC11D909DA28} = {77BC4942-3AD6-4DB3-B716-F3DE6681E63F}
		{7883B876-D0BC-463A-8122-B07569C2DA12} = {77BC4942-3AD6-4DB3-B716-F3DE6681E63F}
		{140408C9-3294-48EF-9F46-FA8CF4F7DD77} = {5DF61ACB-6DF3-4E5E-81D2-B261D7B15E7C}
		{10FC11CA-B280-437D-B82B-A05021B55289} = {5DF61ACB-6DF3-4E5E-81D2-B261D7B15E7C}
		{DCB3DDDA-BFE2-4870-A997-B9B2340DFA09} = {5DF61ACB-6DF3-4E5E-81D2-B261D7B15E7C}
		{F167E64F-066E-46CB-9471-9EC3E0F44A4A} = {5DF61ACB-6DF3-4E5E-81D2-B261D7B15E7C}
		{0634900B-E549-4663-9924-C29B9EDA0BC6} = {29EC3E71-7AA4-4437-BD3A-5B584D526AEA}
		{70C7D7E7-8749-4AF1-B3BE-375EF13757E2} = {29EC3E71-7AA4-4437-BD3A-5B584D526AEA}
		{BF84C581-F25A-464E-AC8D-6DECB0EAA8F2} = {29EC3E71-7AA4-4437-BD3A-5B584D526AEA}
		{7EE0AC30-CD2E-4E60-8504-62E758478FF3} = {26FC065E-CF3F-468C-B411-5E9F4E73866D}
		{8F7BD162-0C4D-4F82-A960-3015C4FDDCB9} = {26FC065E-CF3F-468C-B411-5E9F4E73866D}
		{1C03AC17-B71B-41AA-B5F6-5FB54D69995A} = {26FC065E-CF3F-468C-B411-5E9F4E73866D}
		{F6B3569B-0163-4186-A5F6-260C04CDE0FC} = {26FC065E-CF3F-468C-B411-5E9F4E73866D}
		{504C29A8-8779-4A6F-9417-29E2D25FC8EE} = {26FC065E-CF3F-468C-B411-5E9F4E73866D}
		{6B94091C-7715-43B7-AB8A-033B95D9C018} = {26FC065E-CF3F-468C-B411-5E9F4E73866D}
		{592BE0D8-6506-41CA-8A70-712EDBFDC6E2} = {26FC065E-CF3F-468C-B411-5E9F4E73866D}
		{E4AF8BF8-AFED-4F99-8817-3B998808512F} = {26FC065E-CF3F-468C-B411-5E9F4E73866D}
		{6A907135-6487-4DEF-B532-4A243F0A5036} = {26FC065E-CF3F-468C-B411-5E9F4E73866D}
		{1E229635-318D-4A4A-A018-B86B3B9F4217} = {26FC065E-CF3F-468C-B411-5E9F4E73866D}
		{2A3DBE6C-0A4E-4963-B112-DDF62A15B2FE} = {63AAED14-1C8D-484E-9CF8-A11636F93772}
		{8C5150E9-1FD9-45B0-A0BB-7CE2CC6B91F9} = {63AAED14-1C8D-484E-9CF8-A11636F93772}
		{9E5FF3B9-A27E-448F-BA6D-171224C76E0E} = {63AAED14-1C8D-484E-9CF8-A11636F93772}
		{301D902E-4461-40F8-A093-FD7FC4E3F2A5} = {2681ECA7-D7E2-4CE1-A98A-06863FA98122}
		{49392D1E-3676-40A8-A7A1-74B569E4DDEF} = {2681ECA7-D7E2-4CE1-A98A-06863FA98122}
		{9635D8C3-7CC2-4A21-B010-7CBCCEB6AAD0} = {2681ECA7-D7E2-4CE1-A98A-06863FA98122}
		{A3416414-96E8-4B56-AE2F-63587178DDD7} = {2681ECA7-D7E2-4CE1-A98A-06863FA98122}
		{25F3BFDB-B4C0-4175-9377-74E7CAF8F0C8} = {2681ECA7-D7E2-4CE1-A98A-06863FA98122}
		{9BACCB45-134E-4BC9-9B8A-CC75E7A50996} = {2681ECA7-D7E2-4CE1-A98A-06863FA98122}
		{B70673DD-14EB-4DD8-8327-E46201C2244C} = {2681ECA7-D7E2-4CE1-A98A-06863FA98122}
		{3F61183A-5462-4071-B839-4E2B53D3766C} = {1A31A21E-40E6-42DF-8809-63D2F7467CBA}
		{E959BB00-5138-4A3F-91EB-0F93A02B2AB5} = {1A31A21E-40E6-42DF-8809-63D2F7467CBA}
		{C10C8EB3-72AF-4088-AA6B-FBACE41C78A3} = {BA16599E-ED26-4DD5-8B17-2C2B4610D415}
		{00CFD69E-598B-49FB-AB84-20C2B428E4DF} = {BA16599E-ED26-4DD5-8B17-2C2B4610D415}
		{1D5D6600-BF22-4C0F-8571-464D31B5A6A1} = {BA16599E-ED26-4DD5-8B17-2C2B4610D415}
		{B24B566F-CA17-4604-9672-0A5D90E33641} = {BA16599E-ED26-4DD5-8B17-2C2B4610D415}
		{81CC4FA6-0FAD-48A9-AE29-55619DF14E16} = {DC4C4636-6D21-4E7B-B42B-05371524B97B}
		{0D5497E0-A254-4755-B28F-02F54DF57681} = {DC4C4636-6D21-4E7B-B42B-05371524B97B}
		{E0E28CFC-E0AF-40FB-B2F7-8EF356EC517F} = {DC4C4636-6D21-4E7B-B42B-05371524B97B}
		{129E3B45-EC0B-4DE5-9D18-0F23210DC924} = {3D592821-B9C1-4901-9637-D0C7A9C36862}
		{240BE93B-E260-4837-A953-3DC059243ED1} = {3D592821-B9C1-4901-9637-D0C7A9C36862}
		{1FAC63ED-FA13-4B45-B7C9-D1578A707356} = {3D592821-B9C1-4901-9637-D0C7A9C36862}
		{6B7D6CF8-62BC-453B-B573-D0680666DBD3} = {3D592821-B9C1-4901-9637-D0C7A9C36862}
		{FC8587B3-71E2-4311-ABCE-D41A35663E99} = {3D592821-B9C1-4901-9637-D0C7A9C36862}
		{8D0EDCDF-FC54-41C2-B785-1C22196246A8} = {3D592821-B9C1-4901-9637-D0C7A9C36862}
		{55F72AB8-8922-41E3-AA9E-F6E60A7ED35C} = {3D592821-B9C1-4901-9637-D0C7A9C36862}
		{61A37CFB-69F9-4458-A431-252440E4A1E4} = {3D592821-B9C1-4901-9637-D0C7A9C36862}
		{C11AFA5E-FB3D-4D6F-9BD0-1EA6905B8DCD} = {3D592821-B9C1-4901-9637-D0C7A9C36862}
		{BE68C857-DF8D-4417-9159-1E30613CBB41} = {3D592821-B9C1-4901-9637-D0C7A9C36862}
		{B3BAF203-E038-432F-A4CB-CBCF3E8D11BC} = {3D592821-B9C1-4901-9637-D0C7A9C36862}
	EndGlobalSection
	GlobalSection(ExtensibilityGlobals) = postSolution
		SolutionGuid = {A90E9162-6E57-4804-ADA3-FA8FFB37D29C}
	EndGlobalSection
EndGlobal
